github.com/adlio/trello v0.0.0-20180330053823-03c11d8e072f/go.mod h1:VjzhFGdnEJGih1AsIWi/yU6y01yZh0DuEWCNAyOJ1WE=
github.com/adlio/trello v0.0.0-20181009211147-e4cc07c871d0 h1:mI+BqWX9HJIRw68D6yUBunwIHs6oJkqqwFKEogkHKkk=
github.com/adlio/trello v0.0.0-20181009211147-e4cc07c871d0/go.mod h1:VjzhFGdnEJGih1AsIWi/yU6y01yZh0DuEWCNAyOJ1WE=
github.com/badoux/goscraper v0.0.0-20170322173343-0213ced70878/go.mod h1:5iU5AiceCVP7wmrAIn/9YhJzvmErX/GihV/T2o5QUpM=
github.com/badoux/goscraper v0.0.0-20181207103713-9b4686c4b62c h1:eacIMsthlVgjQ8uKt1URXCSZ7lAQuXI5YGrutUVQQPo=
github.com/badoux/goscraper v0.0.0-20181207103713-9b4686c4b62c/go.mod h1:5iU5AiceCVP7wmrAIn/9YhJzvmErX/GihV/T2o5QUpM=
github.com/davecgh/go-spew v1.1.0/go.mod h1:J7Y8YcW2NihsgmVo/mv3lAwl/skON4iLHjSsI+c5H38=
github.com/davecgh/go-spew v1.1.1/go.mod h1:J7Y8YcW2NihsgmVo/mv3lAwl/skON4iLHjSsI+c5H38=
github.com/go-redis/redis v6.10.2+incompatible/go.mod h1:NAIEuMOZ/fxfXJIrKDQDz8wamY7mA7PouImQ2Jvg6kA=
github.com/go-redis/redis v6.15.0+incompatible h1:/Wib9cA7CF3SQxBZRMHyQvqzlwzc8PJGDMkRfqQebSE=
github.com/go-redis/redis v6.15.0+incompatible/go.mod h1:NAIEuMOZ/fxfXJIrKDQDz8wamY7mA7PouImQ2Jvg6kA=
github.com/pkg/errors v0.8.0/go.mod h1:bwawxfHBFNV+L2hUp1rHADufV3IMtnDRdf1r5NINEl0=
github.com/pmezard/go-difflib v1.0.0/go.mod h1:iKH77koFhYxTK1pcRnkKkqfTogsbg7gZNVY4sRDYZ/4=
github.com/stretchr/testify v1.2.1/go.mod h1:a8OnRcib4nhh0OaRAV+Yts87kKdq0PP7pXfy6kDkUVs=
github.com/stretchr/testify v1.2.2/go.mod h1:a8OnRcib4nhh0OaRAV+Yts87kKdq0PP7pXfy6kDkUVs=
golang.org/x/net v0.0.0-20180406214816-61147c48b25b/go.mod h1:mL1N/T3taQHkDXs73rZJwtUhF3w3ftmwwsq0BUmARs4=
golang.org/x/net v0.0.0-20181220203305-927f97764cc3 h1:eH6Eip3UpmR+yM/qI9Ijluzb1bNv/cAU/n+6l8tRSis=
golang.org/x/net v0.0.0-20181220203305-927f97764cc3/go.mod h1:mL1N/T3taQHkDXs73rZJwtUhF3w3ftmwwsq0BUmARs4=
golang.org/x/text v0.3.0 h1:g61tztE5qeGQ89tm6NTjjM9VPIm088od1l6aSorWRWg=
golang.org/x/text v0.3.0/go.mod h1:NqM8EUOU14njkJ3fqMW+pc6Ldnwhi/IjpwHt7yyuwOQ=
gopkg.in/tucnak/telebot.v2 v2.0.0-20180401144554-2a7e9045d01e/go.mod h1:EmWSFwexO5JPTHiU7gDd9HMCCiyatACwO0HhuKNsOd0=
gopkg.in/tucnak/telebot.v2 v2.0.0-20181213002246-6451db130825 h1:wcmZZzTudW+TVMQvA2nSdOemWGgo5LO5WDxrLu7/PZk=
gopkg.in/tucnak/telebot.v2 v2.0.0-20181213002246-6451db130825/go.mod h1:EmWSFwexO5JPTHiU7gDd9HMCCiyatACwO0HhuKNsOd0=
